{
  "name": "ipl",
  "version": "1.0.0",
  "lockfileVersion": 1,
  "requires": true,
  "dependencies": {
    "csv-to-js-parser": {
      "version": "2.3.5",
      "resolved": "https://registry.npmjs.org/csv-to-js-parser/-/csv-to-js-parser-2.3.5.tgz",
      "integrity": "sha512-g9gDA+2h+DfqrOc2ob1J1OEwmoHkNMY+/LkTC+4E6b/Wjrjd4DHWiPzR+5cehLClJoO6JeNrL/F8HxkkWB2nMg=="
    }
  }
}
